
Microsoft Visual Studio Solution File, Format Version 11.00
# Visual Studio 2010
Project("{FAE04EC0-301F-11D3-BF4B-00C04F79EFBC}") = "BattleBoxes", "Assembly-CSharp.csproj", "{4A5CA1F4-695B-953A-5D3E-82ABE6987035}"
EndProject
Project("{FAE04EC0-301F-11D3-BF4B-00C04F79EFBC}") = "BattleBoxes", "Assembly-CSharp-Editor.csproj", "{BF815BD5-E587-FAAB-7B30-7F02789829C5}"
EndProject
Global
	GlobalSection(SolutionConfigurationPlatforms) = preSolution
		Debug|Any CPU = Debug|Any CPU
		Release|Any CPU = Release|Any CPU
	EndGlobalSection
	GlobalSection(ProjectConfigurationPlatforms) = postSolution
		{4A5CA1F4-695B-953A-5D3E-82ABE6987035}.Debug|Any CPU.ActiveCfg = Debug|Any CPU
		{4A5CA1F4-695B-953A-5D3E-82ABE6987035}.Debug|Any CPU.Build.0 = Debug|Any CPU
		{4A5CA1F4-695B-953A-5D3E-82ABE6987035}.Release|Any CPU.ActiveCfg = Release|Any CPU
		{4A5CA1F4-695B-953A-5D3E-82ABE6987035}.Release|Any CPU.Build.0 = Release|Any CPU
		{BF815BD5-E587-FAAB-7B30-7F02789829C5}.Debug|Any CPU.ActiveCfg = Debug|Any CPU
		{BF815BD5-E587-FAAB-7B30-7F02789829C5}.Debug|Any CPU.Build.0 = Debug|Any CPU
		{BF815BD5-E587-FAAB-7B30-7F02789829C5}.Release|Any CPU.ActiveCfg = Release|Any CPU
		{BF815BD5-E587-FAAB-7B30-7F02789829C5}.Release|Any CPU.Build.0 = Release|Any CPU
	EndGlobalSection
	GlobalSection(SolutionProperties) = preSolution
		HideSolutionNode = FALSE
	EndGlobalSection
	GlobalSection(MonoDevelopProperties) = preSolution
		StartupItem = Assembly-CSharp.csproj
	EndGlobalSection
EndGlobal
